// !$*UTF8*$!
{
	archiveVersion = 1;
	classes = {
	};
	objectVersion = 46;
	objects = {

/* Begin PBXBuildFile section */
		237F1EC91EF3BF660016B9F4 /* main.m in Sources */ = {isa = PBXBuildFile; fileRef = 237F1EC81EF3BF660016B9F4 /* main.m */; };
		237F1ECC1EF3BF660016B9F4 /* AppDelegate.m in Sources */ = {isa = PBXBuildFile; fileRef = 237F1ECB1EF3BF660016B9F4 /* AppDelegate.m */; };
		237F1ECF1EF3BF660016B9F4 /* ViewController.m in Sources */ = {isa = PBXBuildFile; fileRef = 237F1ECE1EF3BF660016B9F4 /* ViewController.m */; };
		237F1ED21EF3BF660016B9F4 /* Main.storyboard in Resources */ = {isa = PBXBuildFile; fileRef = 237F1ED01EF3BF660016B9F4 /* Main.storyboard */; };
		237F1ED41EF3BF660016B9F4 /* Assets.xcassets in Resources */ = {isa = PBXBuildFile; fileRef = 237F1ED31EF3BF660016B9F4 /* Assets.xcassets */; };
		237F1ED71EF3BF660016B9F4 /* LaunchScreen.storyboard in Resources */ = {isa = PBXBuildFile; fileRef = 237F1ED51EF3BF660016B9F4 /* LaunchScreen.storyboard */; };
		237F1EE41EF3C0310016B9F4 /* ZGHttpUtils.m in Sources */ = {isa = PBXBuildFile; fileRef = 237F1EE31EF3C0310016B9F4 /* ZGHttpUtils.m */; };
		237F1EE71EF3C4650016B9F4 /* ZGLoginPresenter.m in Sources */ = {isa = PBXBuildFile; fileRef = 237F1EE61EF3C4650016B9F4 /* ZGLoginPresenter.m */; };
		237F1EEB1EF3C4C20016B9F4 /* ZGLoginModel.m in Sources */ = {isa = PBXBuildFile; fileRef = 237F1EEA1EF3C4C20016B9F4 /* ZGLoginModel.m */; };
/* End PBXBuildFile section */

/* Begin PBXFileReference section */
		237F1EC41EF3BF660016B9F4 /* ZGProtocol.app */ = {isa = PBXFileReference; explicitFileType = wrapper.application; includeInIndex = 0; path = ZGProtocol.app; sourceTree = BUILT_PRODUCTS_DIR; };
		237F1EC81EF3BF660016B9F4 /* main.m */ = {isa = PBXFileReference; lastKnownFileType = sourcecode.c.objc; path = main.m; sourceTree = "<group>"; };
		237F1ECA1EF3BF660016B9F4 /* AppDelegate.h */ = {isa = PBXFileReference; lastKnownFileType = sourcecode.c.h; path = AppDelegate.h; sourceTree = "<group>"; };
		237F1ECB1EF3BF660016B9F4 /* AppDelegate.m */ = {isa = PBXFileReference; lastKnownFileType = sourcecode.c.objc; path = AppDelegate.m; sourceTree = "<group>"; };
		237F1ECD1EF3BF660016B9F4 /* ViewController.h */ = {isa = PBXFileReference; lastKnownFileType = sourcecode.c.h; path = ViewController.h; sourceTree = "<group>"; };
		237F1ECE1EF3BF660016B9F4 /* ViewController.m */ = {isa = PBXFileReference; lastKnownFileType = sourcecode.c.objc; path = ViewController.m; sourceTree = "<group>"; };
		237F1ED11EF3BF660016B9F4 /* Base */ = {isa = PBXFileReference; lastKnownFileType = file.storyboard; name = Base; path = Base.lproj/Main.storyboard; sourceTree = "<group>"; };
		237F1ED31EF3BF660016B9F4 /* Assets.xcassets */ = {isa = PBXFileReference; lastKnownFileType = folder.assetcatalog; path = Assets.xcassets; sourceTree = "<group>"; };
		237F1ED61EF3BF660016B9F4 /* Base */ = {isa = PBXFileReference; lastKnownFileType = file.storyboard; name = Base; path = Base.lproj/LaunchScreen.storyboard; sourceTree = "<group>"; };
		237F1ED81EF3BF660016B9F4 /* Info.plist */ = {isa = PBXFileReference; lastKnownFileType = text.plist.xml; path = Info.plist; sourceTree = "<group>"; };
		237F1EE21EF3C0310016B9F4 /* ZGHttpUtils.h */ = {isa = PBXFileReference; fileEncoding = 4; lastKnownFileType = sourcecode.c.h; path = ZGHttpUtils.h; sourceTree = "<group>"; };
		237F1EE31EF3C0310016B9F4 /* ZGHttpUtils.m */ = {isa = PBXFileReference; fileEncoding = 4; lastKnownFileType = sourcecode.c.objc; path = ZGHttpUtils.m; sourceTree = "<group>"; };
		237F1EE51EF3C4650016B9F4 /* ZGLoginPresenter.h */ = {isa = PBXFileReference; fileEncoding = 4; lastKnownFileType = sourcecode.c.h; path = ZGLoginPresenter.h; sourceTree = "<group>"; };
		237F1EE61EF3C4650016B9F4 /* ZGLoginPresenter.m */ = {isa = PBXFileReference; fileEncoding = 4; lastKnownFileType = sourcecode.c.objc; path = ZGLoginPresenter.m; sourceTree = "<group>"; };
		237F1EE81EF3C4A80016B9F4 /* ZGLoginView.h */ = {isa = PBXFileReference; fileEncoding = 4; lastKnownFileType = sourcecode.c.h; path = ZGLoginView.h; sourceTree = "<group>"; };
		237F1EE91EF3C4C20016B9F4 /* ZGLoginModel.h */ = {isa = PBXFileReference; fileEncoding = 4; lastKnownFileType = sourcecode.c.h; path = ZGLoginModel.h; sourceTree = "<group>"; };
		237F1EEA1EF3C4C20016B9F4 /* ZGLoginModel.m */ = {isa = PBXFileReference; fileEncoding = 4; lastKnownFileType = sourcecode.c.objc; path = ZGLoginModel.m; sourceTree = "<group>"; };
/* End PBXFileReference section */

/* Begin PBXFrameworksBuildPhase section */
		237F1EC11EF3BF660016B9F4 /* Frameworks */ = {
			isa = PBXFrameworksBuildPhase;
			buildActionMask = 2147483647;
			files = (
			);
			runOnlyForDeploymentPostprocessing = 0;
		};
/* End PBXFrameworksBuildPhase section */

/* Begin PBXGroup section */
		237F1EBB1EF3BF660016B9F4 = {
			isa = PBXGroup;
			children = (
				237F1EC61EF3BF660016B9F4 /* ZGProtocol */,
				237F1EC51EF3BF660016B9F4 /* Products */,
			);
			sourceTree = "<group>";
		};
		237F1EC51EF3BF660016B9F4 /* Products */ = {
			isa = PBXGroup;
			children = (
				237F1EC41EF3BF660016B9F4 /* ZGProtocol.app */,
			);
			name = Products;
			sourceTree = "<group>";
		};
		237F1EC61EF3BF660016B9F4 /* ZGProtocol */ = {
			isa = PBXGroup;
			children = (
				237F1EDE1EF3BFEE0016B9F4 /* Model */,
				237F1EDF1EF3BFEE0016B9F4 /* Presenter */,
				237F1EE01EF3BFEE0016B9F4 /* Tools */,
				237F1EE11EF3BFEE0016B9F4 /* View */,
				237F1ECA1EF3BF660016B9F4 /* AppDelegate.h */,
				237F1ECB1EF3BF660016B9F4 /* AppDelegate.m */,
				237F1ECD1EF3BF660016B9F4 /* ViewController.h */,
				237F1ECE1EF3BF660016B9F4 /* ViewController.m */,
				237F1EC71EF3BF660016B9F4 /* Supporting Files */,
			);
			path = ZGProtocol;
			sourceTree = "<group>";
		};
		237F1EC71EF3BF660016B9F4 /* Supporting Files */ = {
			isa = PBXGroup;
			children = (
				237F1ED01EF3BF660016B9F4 /* Main.storyboard */,
				237F1ED31EF3BF660016B9F4 /* Assets.xcassets */,
				237F1ED51EF3BF660016B9F4 /* LaunchScreen.storyboard */,
				237F1ED81EF3BF660016B9F4 /* Info.plist */,
				237F1EC81EF3BF660016B9F4 /* main.m */,
			);
			name = "Supporting Files";
			sourceTree = "<group>";
		};
		237F1EDE1EF3BFEE0016B9F4 /* Model */ = {
			isa = PBXGroup;
			children = (
				237F1EE91EF3C4C20016B9F4 /* ZGLoginModel.h */,
				237F1EEA1EF3C4C20016B9F4 /* ZGLoginModel.m */,
			);
			path = Model;
			sourceTree = "<group>";
		};
		237F1EDF1EF3BFEE0016B9F4 /* Presenter */ = {
			isa = PBXGroup;
			children = (
				237F1EE51EF3C4650016B9F4 /* ZGLoginPresenter.h */,
				237F1EE61EF3C4650016B9F4 /* ZGLoginPresenter.m */,
			);
			path = Presenter;
			sourceTree = "<group>";
		};
		237F1EE01EF3BFEE0016B9F4 /* Tools */ = {
			isa = PBXGroup;
			children = (
				237F1EE21EF3C0310016B9F4 /* ZGHttpUtils.h */,
				237F1EE31EF3C0310016B9F4 /* ZGHttpUtils.m */,
			);
			path = Tools;
			sourceTree = "<group>";
		};
		237F1EE11EF3BFEE0016B9F4 /* View */ = {
			isa = PBXGroup;
			children = (
				237F1EE81EF3C4A80016B9F4 /* ZGLoginView.h */,
			);
			path = View;
			sourceTree = "<group>";
		};
/* End PBXGroup section */

/* Begin PBXNativeTarget section */
		237F1EC31EF3BF660016B9F4 /* ZGProtocol */ = {
			isa = PBXNativeTarget;
			buildConfigurationList = 237F1EDB1EF3BF660016B9F4 /* Build configuration list for PBXNativeTarget "ZGProtocol" */;
			buildPhases = (
				237F1EC01EF3BF660016B9F4 /* Sources */,
				237F1EC11EF3BF660016B9F4 /* Frameworks */,
				237F1EC21EF3BF660016B9F4 /* Resources */,
			);
			buildRules = (
			);
			dependencies = (
			);
			name = ZGProtocol;
			productName = ZGProtocol;
			productReference = 237F1EC41EF3BF660016B9F4 /* ZGProtocol.app */;
			productType = "com.apple.product-type.application";
		};
/* End PBXNativeTarget section */

/* Begin PBXProject section */
		237F1EBC1EF3BF660016B9F4 /* Project object */ = {
			isa = PBXProject;
			attributes = {
				LastUpgradeCheck = 0830;
				ORGANIZATIONNAME = offcn;
				TargetAttributes = {
					237F1EC31EF3BF660016B9F4 = {
						CreatedOnToolsVersion = 8.3.3;
						ProvisioningStyle = Automatic;
					};
				};
			};
			buildConfigurationList = 237F1EBF1EF3BF660016B9F4 /* Build configuration list for PBXProject "ZGProtocol" */;
			compatibilityVersion = "Xcode 3.2";
			developmentRegion = English;
			hasScannedForEncodings = 0;
			knownRegions = (
				en,
				Base,
			);
			mainGroup = 237F1EBB1EF3BF660016B9F4;
			productRefGroup = 237F1EC51EF3BF660016B9F4 /* Products */;
			projectDirPath = "";
			projectRoot = "";
			targets = (
				237F1EC31EF3BF660016B9F4 /* ZGProtocol */,
			);
		};
/* End PBXProject section */

/* Begin PBXResourcesBuildPhase section */
		237F1EC21EF3BF660016B9F4 /* Resources */ = {
			isa = PBXResourcesBuildPhase;
			buildActionMask = 2147483647;
			files = (
				237F1ED71EF3BF660016B9F4 /* LaunchScreen.storyboard in Resources */,
				237F1ED41EF3BF660016B9F4 /* Assets.xcassets in Resources */,
				237F1ED21EF3BF660016B9F4 /* Main.storyboard in Resources */,
			);
			runOnlyForDeploymentPostprocessing = 0;
		};
/* End PBXResourcesBuildPhase section */

/* Begin PBXSourcesBuildPhase section */
		237F1EC01EF3BF660016B9F4 /* Sources */ = {
			isa = PBXSourcesBuildPhase;
			buildActionMask = 2147483647;
			files = (
				237F1EEB1EF3C4C20016B9F4 /* ZGLoginModel.m in Sources */,
				237F1ECF1EF3BF660016B9F4 /* ViewController.m in Sources */,
				237F1EE71EF3C4650016B9F4 /* ZGLoginPresenter.m in Sources */,
				237F1ECC1EF3BF660016B9F4 /* AppDelegate.m in Sources */,
				237F1EE41EF3C0310016B9F4 /* ZGHttpUtils.m in Sources */,
				237F1EC91EF3BF660016B9F4 /* main.m in Sources */,
			);
			runOnlyForDeploymentPostprocessing = 0;
		};
/* End PBXSourcesBuildPhase section */

/* Begin PBXVariantGroup section */
		237F1ED01EF3BF660016B9F4 /* Main.storyboard */ = {
			isa = PBXVariantGroup;
			children = (
				237F1ED11EF3BF660016B9F4 /* Base */,
			);
			name = Main.storyboard;
			sourceTree = "<group>";
		};
		237F1ED51EF3BF660016B9F4 /* LaunchScreen.storyboard */ = {
			isa = PBXVariantGroup;
			children = (
				237F1ED61EF3BF660016B9F4 /* Base */,
			);
			name = LaunchScreen.storyboard;
			sourceTree = "<group>";
		};
/* End PBXVariantGroup section */

/* Begin XCBuildConfiguration section */
		237F1ED91EF3BF660016B9F4 /* Debug */ = {
			isa = XCBuildConfiguration;
			buildSettings = {
				ALWAYS_SEARCH_USER_PATHS = NO;
				CLANG_ANALYZER_NONNULL = YES;
				CLANG_ANALYZER_NUMBER_OBJECT_CONVERSION = YES_AGGRESSIVE;
				CLANG_CXX_LANGUAGE_STANDARD = "gnu++0x";
				CLANG_CXX_LIBRARY = "libc++";
				CLANG_ENABLE_MODULES = YES;
				CLANG_ENABLE_OBJC_ARC = YES;
				CLANG_WARN_BOOL_CONVERSION = YES;
				CLANG_WARN_CONSTANT_CONVERSION = YES;
				CLANG_WARN_DIRECT_OBJC_ISA_USAGE = YES_ERROR;
				CLANG_WARN_DOCUMENTATION_COMMENTS = YES;
				CLANG_WARN_EMPTY_BODY = YES;
				CLANG_WARN_ENUM_CONVERSION = YES;
				CLANG_WARN_INFINITE_RECURSION = YES;
				CLANG_WARN_INT_CONVERSION = YES;
				CLANG_WARN_OBJC_ROOT_CLASS = YES_ERROR;
				CLANG_WARN_SUSPICIOUS_MOVE = YES;
				CLANG_WARN_UNREACHABLE_CODE = YES;
				CLANG_WARN__DUPLICATE_METHOD_MATCH = YES;
				"CODE_SIGN_IDENTITY[sdk=iphoneos*]" = "iPhone Developer";
				COPY_PHASE_STRIP = NO;
				DEBUG_INFORMATION_FORMAT = dwarf;
				ENABLE_STRICT_OBJC_MSGSEND = YES;
				ENABLE_TESTABILITY = YES;
				GCC_C_LANGUAGE_STANDARD = gnu99;
				GCC_DYNAMIC_NO_PIC = NO;
				GCC_NO_COMMON_BLOCKS = YES;
				GCC_OPTIMIZATION_LEVEL = 0;
				GCC_PREPROCESSOR_DEFINITIONS = (
					"DEBUG=1",
					"$(inherited)",
				);
				GCC_WARN_64_TO_32_BIT_CONVERSION = YES;
				GCC_WARN_ABOUT_RETURN_TYPE = YES_ERROR;
				GCC_WARN_UNDECLARED_SELECTOR = YES;
				GCC_WARN_UNINITIALIZED_AUTOS = YES_AGGRESSIVE;
				GCC_WARN_UNUSED_FUNCTION = YES;
				GCC_WARN_UNUSED_VARIABLE = YES;
				IPHONEOS_DEPLOYMENT_TARGET = 10.3;
				MTL_ENABLE_DEBUG_INFO = YES;
				ONLY_ACTIVE_ARCH = YES;
				SDKROOT = iphoneos;
				TARGETED_DEVICE_FAMILY = "1,2";
			};
			name = Debug;
		};
		237F1EDA1EF3BF660016B9F4 /* Release */ = {
			isa = XCBuildConfiguration;
			buildSettings = {
				ALWAYS_SEARCH_USER_PATHS = NO;
				CLANG_ANALYZER_NONNULL = YES;
				CLANG_ANALYZER_NUMBER_OBJECT_CONVERSION = YES_AGGRESSIVE;
				CLANG_CXX_LANGUAGE_STANDARD = "gnu++0x";
				CLANG_CXX_LIBRARY = "libc++";
				CLANG_ENABLE_MODULES = YES;
				CLANG_ENABLE_OBJC_ARC = YES;
				CLANG_WARN_BOOL_CONVERSION = YES;
				CLANG_WARN_CONSTANT_CONVERSION = YES;
				CLANG_WARN_DIRECT_OBJC_ISA_USAGE = YES_ERROR;
				CLANG_WARN_DOCUMENTATION_COMMENTS = YES;
				CLANG_WARN_EMPTY_BODY = YES;
				CLANG_WARN_ENUM_CONVERSION = YES;
				CLANG_WARN_INFINITE_RECURSION = YES;
				CLANG_WARN_INT_CONVERSION = YES;
				CLANG_WARN_OBJC_ROOT_CLASS = YES_ERROR;
				CLANG_WARN_SUSPICIOUS_MOVE = YES;
				CLANG_WARN_UNREACHABLE_CODE = YES;
				CLANG_WARN__DUPLICATE_METHOD_MATCH = YES;
				"CODE_SIGN_IDENTITY[sdk=iphoneos*]" = "iPhone Developer";
				COPY_PHASE_STRIP = NO;
				DEBUG_INFORMATION_FORMAT = "dwarf-with-dsym";
				ENABLE_NS_ASSERTIONS = NO;
				ENABLE_STRICT_OBJC_MSGSEND = YES;
				GCC_C_LANGUAGE_STANDARD = gnu99;
				GCC_NO_COMMON_BLOCKS = YES;
				GCC_WARN_64_TO_32_BIT_CONVERSION = YES;
				GCC_WARN_ABOUT_RETURN_TYPE = YES_ERROR;
				GCC_WARN_UNDECLARED_SELECTOR = YES;
				GCC_WARN_UNINITIALIZED_AUTOS = YES_AGGRESSIVE;
				GCC_WARN_UNUSED_FUNCTION = YES;
				GCC_WARN_UNUSED_VARIABLE = YES;
				IPHONEOS_DEPLOYMENT_TARGET = 10.3;
				MTL_ENABLE_DEBUG_INFO = NO;
				SDKROOT = iphoneos;
				TARGETED_DEVICE_FAMILY = "1,2";
				VALIDATE_PRODUCT = YES;
			};
			name = Release;
		};
		237F1EDC1EF3BF660016B9F4 /* Debug */ = {
			isa = XCBuildConfiguration;
			buildSettings = {
				ASSETCATALOG_COMPILER_APPICON_NAME = AppIcon;
				INFOPLIST_FILE = ZGProtocol/Info.plist;
				LD_RUNPATH_SEARCH_PATHS = "$(inherited) @executable_path/Frameworks";
				PRODUCT_BUNDLE_IDENTIFIER = offcn.ZGProtocol;
				PRODUCT_NAME = "$(TARGET_NAME)";
			};
			name = Debug;
		};
		237F1EDD1EF3BF660016B9F4 /* Release */ = {
			isa = XCBuildConfiguration;
			buildSettings = {
				ASSETCATALOG_COMPILER_APPICON_NAME = AppIcon;
				INFOPLIST_FILE = ZGProtocol/Info.plist;
				LD_RUNPATH_SEARCH_PATHS = "$(inherited) @executable_path/Frameworks";
				PRODUCT_BUNDLE_IDENTIFIER = offcn.ZGProtocol;
				PRODUCT_NAME = "$(TARGET_NAME)";
			};
			name = Release;
		};
/* End XCBuildConfiguration section */

/* Begin XCConfigurationList section */
		237F1EBF1EF3BF660016B9F4 /* Build configuration list for PBXProject "ZGProtocol" */ = {
			isa = XCConfigurationList;
			buildConfigurations = (
				237F1ED91EF3BF660016B9F4 /* Debug */,
				237F1EDA1EF3BF660016B9F4 /* Release */,
			);
			defaultConfigurationIsVisible = 0;
			defaultConfigurationName = Release;
		};
		237F1EDB1EF3BF660016B9F4 /* Build configuration list for PBXNativeTarget "ZGProtocol" */ = {
			isa = XCConfigurationList;
			buildConfigurations = (
				237F1EDC1EF3BF660016B9F4 /* Debug */,
				237F1EDD1EF3BF660016B9F4 /* Release */,
			);
			defaultConfigurationIsVisible = 0;
		};
/* End XCConfigurationList section */
	};
	rootObject = 237F1EBC1EF3BF660016B9F4 /* Project object */;
}
